{
  "name": "commit-context",
  "version": "0.2.1",
  "lockfileVersion": 3,
  "requires": true,
  "packages": {
    "": {
      "name": "commit-context",
      "version": "0.2.1",
      "license": "ISC",
      "dependencies": {
        "branch-name": "^1.0.0",
        "find-package-json": "^1.2.0"
      },
      "bin": {
        "commit-context": "bin/index.js"
      }
    },
    "node_modules/branch-name": {
      "version": "1.0.0",
      "resolved": "https://registry.npmjs.org/branch-name/-/branch-name-1.0.0.tgz",
      "integrity": "sha512-VjqU3qXU+dihiR0gtO9BbtaJeTmhsJj3PoghKrBWmIi53rvkmGo9su1eU1jwCSueQjAs10LpEx4xb8V5SpaiTQ==",
      "dependencies": {
        "mkdirtemp": "^1.1.0"
      },
      "engines": {
        "node": ">=8"
      }
    },
    "node_modules/find-package-json": {
      "version": "1.2.0",
      "resolved": "https://registry.npmjs.org/find-package-json/-/find-package-json-1.2.0.tgz",
      "integrity": "sha512-+SOGcLGYDJHtyqHd87ysBhmaeQ95oWspDKnMXBrnQ9Eq4OkLNqejgoaD8xVWu6GPa0B6roa6KinCMEMcVeqONw=="
    },
    "node_modules/mkdirtemp": {
      "version": "1.1.0",
      "resolved": "https://registry.npmjs.org/mkdirtemp/-/mkdirtemp-1.1.0.tgz",
      "integrity": "sha512-x/sOQ8e3Q8YV0wrubVPJDRvEpvIbIIovxfmuwWSdbvLnomSGPwXAuk+303t/31g6SxVMO5ea3hQkzgfwA65xeg==",
      "engines": {
        "node": ">=4.8"
      }
    }
  }
}
