{
  "name": "commit-context",
  "version": "0.2.0",
  "lockfileVersion": 3,
  "requires": true,
  "packages": {
    "": {
      "name": "commit-context",
      "version": "0.2.0",
      "license": "ISC",
      "dependencies": {
        "find-package-json": "^1.2.0"
      },
      "bin": {
        "commit-context": "bin/index.js"
      },
      "devDependencies": {}
    },
    "node_modules/find-package-json": {
      "version": "1.2.0",
      "resolved": "https://registry.npmjs.org/find-package-json/-/find-package-json-1.2.0.tgz",
      "integrity": "sha512-+SOGcLGYDJHtyqHd87ysBhmaeQ95oWspDKnMXBrnQ9Eq4OkLNqejgoaD8xVWu6GPa0B6roa6KinCMEMcVeqONw=="
    }
  }
}
